PODS:
  - DynamicJSON (2.0.2)
  - GoogleMaps (6.0.1):
    - GoogleMaps/Maps (= 6.0.1)
  - GoogleMaps/Base (6.0.1)
  - GoogleMaps/Maps (6.0.1):
    - GoogleMaps/Base
  - Realm (10.27.0):
    - Realm/Headers (= 10.27.0)
  - Realm/Headers (10.27.0)
  - RealmSwift (10.27.0):
    - Realm (= 10.27.0)

DEPENDENCIES:
  - DynamicJSON
  - GoogleMaps
  - RealmSwift

SPEC REPOS:
  trunk:
    - DynamicJSON
    - GoogleMaps
    - Realm
    - RealmSwift

SPEC CHECKSUMS:
  DynamicJSON: fc0c5a82980ff8aa956156f04d84fcdb2822e875
  GoogleMaps: c213fc2334b7374144cede914da779b99be0ab74
  Realm: 9ca328bd7e700cc19703799785e37f77d1a130f2
  RealmSwift: 271de77b09a73c5e46ee3252283878153bd5d288

PODFILE CHECKSUM: 81aaf86777d643b0669072b8f92b6308ca4f80ea

COCOAPODS: 1.11.3
